
Microsoft Visual Studio Solution File, Format Version 12.00
# Visual Studio Version 17
VisualStudioVersion = 17.6.33829.357
MinimumVisualStudioVersion = 10.0.40219.1
Project("{FAE04EC0-301F-11D3-BF4B-00C04F79EFBC}") = "PracticaCore", "PracticaCore\PracticaCore.csproj", "{679931B8-FA10-4610-AD6D-D8383F5DE2A8}"
EndProject
Global
	GlobalSection(SolutionConfigurationPlatforms) = preSolution
		Debug|Any CPU = Debug|Any CPU
		Release|Any CPU = Release|Any CPU
	EndGlobalSection
	GlobalSection(ProjectConfigurationPlatforms) = postSolution
		{679931B8-FA10-4610-AD6D-D8383F5DE2A8}.Debug|Any CPU.ActiveCfg = Debug|Any CPU
		{679931B8-FA10-4610-AD6D-D8383F5DE2A8}.Debug|Any CPU.Build.0 = Debug|Any CPU
		{679931B8-FA10-4610-AD6D-D8383F5DE2A8}.Release|Any CPU.ActiveCfg = Release|Any CPU
		{679931B8-FA10-4610-AD6D-D8383F5DE2A8}.Release|Any CPU.Build.0 = Release|Any CPU
	EndGlobalSection
	GlobalSection(SolutionProperties) = preSolution
		HideSolutionNode = FALSE
	EndGlobalSection
	GlobalSection(ExtensibilityGlobals) = postSolution
		SolutionGuid = {D976B88F-D4ED-48A9-A840-D3407E29D1CD}
	EndGlobalSection
EndGlobal
